
Microsoft Visual Studio Solution File, Format Version 12.00
# Visual Studio Version 17
VisualStudioVersion = 17.12.35707.178 d17.12
MinimumVisualStudioVersion = 10.0.40219.1
Project("{FAE04EC0-301F-11D3-BF4B-00C04F79EFBC}") = "VmcliWrapper", "VmcliWrapper\VmcliWrapper.csproj", "{C8F5CA8F-645F-4417-9CA7-9239E9390234}"
EndProject
Project("{FAE04EC0-301F-11D3-BF4B-00C04F79EFBC}") = "VmcliWrapper.Test", "VmcliWrapper.Test\VmcliWrapper.Test.csproj", "{204EA27A-AAE2-4FB4-BF0A-00914BF50984}"
EndProject
Global
	GlobalSection(SolutionConfigurationPlatforms) = preSolution
		Debug|Any CPU = Debug|Any CPU
		Release|Any CPU = Release|Any CPU
	EndGlobalSection
	GlobalSection(ProjectConfigurationPlatforms) = postSolution
		{C8F5CA8F-645F-4417-9CA7-9239E9390234}.Debug|Any CPU.ActiveCfg = Debug|Any CPU
		{C8F5CA8F-645F-4417-9CA7-9239E9390234}.Debug|Any CPU.Build.0 = Debug|Any CPU
		{C8F5CA8F-645F-4417-9CA7-9239E9390234}.Release|Any CPU.ActiveCfg = Release|Any CPU
		{C8F5CA8F-645F-4417-9CA7-9239E9390234}.Release|Any CPU.Build.0 = Release|Any CPU
		{204EA27A-AAE2-4FB4-BF0A-00914BF50984}.Debug|Any CPU.ActiveCfg = Debug|Any CPU
		{204EA27A-AAE2-4FB4-BF0A-00914BF50984}.Debug|Any CPU.Build.0 = Debug|Any CPU
		{204EA27A-AAE2-4FB4-BF0A-00914BF50984}.Release|Any CPU.ActiveCfg = Release|Any CPU
		{204EA27A-AAE2-4FB4-BF0A-00914BF50984}.Release|Any CPU.Build.0 = Release|Any CPU
	EndGlobalSection
	GlobalSection(SolutionProperties) = preSolution
		HideSolutionNode = FALSE
	EndGlobalSection
EndGlobal
